
Microsoft Visual Studio Solution File, Format Version 12.00
# Visual Studio Version 17
VisualStudioVersion = 17.7.34202.233
MinimumVisualStudioVersion = 10.0.40219.1
Project("{FAE04EC0-301F-11D3-BF4B-00C04F79EFBC}") = "OOPlb7_mk", "OOPlb7_mk\OOPlb7_mk.csproj", "{4581BF4F-1EC2-4D70-8F22-62267E5D872C}"
EndProject
Global
	GlobalSection(SolutionConfigurationPlatforms) = preSolution
		Debug|Any CPU = Debug|Any CPU
		Release|Any CPU = Release|Any CPU
	EndGlobalSection
	GlobalSection(ProjectConfigurationPlatforms) = postSolution
		{4581BF4F-1EC2-4D70-8F22-62267E5D872C}.Debug|Any CPU.ActiveCfg = Debug|Any CPU
		{4581BF4F-1EC2-4D70-8F22-62267E5D872C}.Debug|Any CPU.Build.0 = Debug|Any CPU
		{4581BF4F-1EC2-4D70-8F22-62267E5D872C}.Release|Any CPU.ActiveCfg = Release|Any CPU
		{4581BF4F-1EC2-4D70-8F22-62267E5D872C}.Release|Any CPU.Build.0 = Release|Any CPU
	EndGlobalSection
	GlobalSection(SolutionProperties) = preSolution
		HideSolutionNode = FALSE
	EndGlobalSection
	GlobalSection(ExtensibilityGlobals) = postSolution
		SolutionGuid = {8D0E7372-4A11-4870-B89B-4BE56F5E346E}
	EndGlobalSection
EndGlobal
